<?xml version="1.0" encoding="utf-8"?>
<Project ToolsVersion="4.0" xmlns="http://schemas.microsoft.com/developer/msbuild/2003">
  <ItemGroup>
    <Filter Include="Source Files">
      <UniqueIdentifier>{030ba4bb-2133-4fa7-9e3d-c9b3c8df1cfa}</UniqueIdentifier>
      <Extensions>cpp;c;cxx;rc;def;r;odl;idl;hpj;bat</Extensions>
    </Filter>
    <Filter Include="StormLib">
      <UniqueIdentifier>{5f81bf0f-03ad-4d42-bdce-0314765ec49e}</UniqueIdentifier>
    </Filter>
    <Filter Include="StormLib\wave">
      <UniqueIdentifier>{ca001182-fee3-40e5-a9a6-a384697d9b7b}</UniqueIdentifier>
    </Filter>
    <Filter Include="StormLib\bzip2">
      <UniqueIdentifier>{b33af211-9dd3-4aeb-91dd-a1aad6f0d1d9}</UniqueIdentifier>
    </Filter>
    <Filter Include="StormLib\pklib">
      <UniqueIdentifier>{2b16f038-e3c1-4ab4-b950-7780394a2034}</UniqueIdentifier>
    </Filter>
    <Filter Include="StormLib\huffman">
      <UniqueIdentifier>{c7f3957d-1fed-422f-af10-78791c84ea73}</UniqueIdentifier>
    </Filter>
  </ItemGroup>
  <ItemGroup>
    <ClInclude Include="stuffextract\DBCFieldData.h">
      <Filter>Source Files</Filter>
    </ClInclude>
    <ClInclude Include="stuffextract\dbcfile.h">
      <Filter>Source Files</Filter>
    </ClInclude>
    <ClInclude Include="stuffextract\Locale.h">
      <Filter>Source Files</Filter>
    </ClInclude>
    <ClInclude Include="stuffextract\MPQFile.h">
      <Filter>Source Files</Filter>
    </ClInclude>
    <ClInclude Include="stuffextract\MPQHelper.h">
      <Filter>Source Files</Filter>
    </ClInclude>
    <ClInclude Include="stuffextract\StuffExtract.h">
      <Filter>Source Files</Filter>
    </ClInclude>
    <ClInclude Include="stuffextract\StormLib\SCommon.h">
      <Filter>StormLib</Filter>
    </ClInclude>
    <ClInclude Include="stuffextract\StormLib\StormLib.h">
      <Filter>StormLib</Filter>
    </ClInclude>
    <ClInclude Include="stuffextract\StormLib\StormPort.h">
      <Filter>StormLib</Filter>
    </ClInclude>
    <ClInclude Include="stuffextract\StormLib\wave\wave.h">
      <Filter>StormLib\wave</Filter>
    </ClInclude>
    <ClInclude Include="stuffextract\StormLib\bzip2\bzlib.h">
      <Filter>StormLib\bzip2</Filter>
    </ClInclude>
    <ClInclude Include="stuffextract\StormLib\bzip2\bzlib_private.h">
      <Filter>StormLib\bzip2</Filter>
    </ClInclude>
    <ClInclude Include="stuffextract\StormLib\pklib\pklib.h">
      <Filter>StormLib\pklib</Filter>
    </ClInclude>
    <ClInclude Include="stuffextract\StormLib\huffman\huff.h">
      <Filter>StormLib\huffman</Filter>
    </ClInclude>
  </ItemGroup>
  <ItemGroup>
    <ClCompile Include="stuffextract\dbcfile.cpp">
      <Filter>Source Files</Filter>
    </ClCompile>
    <ClCompile Include="stuffextract\Locale.cpp">
      <Filter>Source Files</Filter>
    </ClCompile>
    <ClCompile Include="stuffextract\MPQFile.cpp">
      <Filter>Source Files</Filter>
    </ClCompile>
    <ClCompile Include="stuffextract\MPQHelper.cpp">
      <Filter>Source Files</Filter>
    </ClCompile>
    <ClCompile Include="stuffextract\StuffExtract.cpp">
      <Filter>Source Files</Filter>
    </ClCompile>
    <ClCompile Include="stuffextract\StormLib\SCommon.cpp">
      <Filter>StormLib</Filter>
    </ClCompile>
    <ClCompile Include="stuffextract\StormLib\SCompression.cpp">
      <Filter>StormLib</Filter>
    </ClCompile>
    <ClCompile Include="stuffextract\StormLib\SFileCompactArchive.cpp">
      <Filter>StormLib</Filter>
    </ClCompile>
    <ClCompile Include="stuffextract\StormLib\SFileCreateArchiveEx.cpp">
      <Filter>StormLib</Filter>
    </ClCompile>
    <ClCompile Include="stuffextract\StormLib\SFileExtractFile.cpp">
      <Filter>StormLib</Filter>
    </ClCompile>
    <ClCompile Include="stuffextract\StormLib\SFileFindFile.cpp">
      <Filter>StormLib</Filter>
    </ClCompile>
    <ClCompile Include="stuffextract\StormLib\SFileOpenArchive.cpp">
      <Filter>StormLib</Filter>
    </ClCompile>
    <ClCompile Include="stuffextract\StormLib\SFileOpenFileEx.cpp">
      <Filter>StormLib</Filter>
    </ClCompile>
    <ClCompile Include="stuffextract\StormLib\SFileReadFile.cpp">
      <Filter>StormLib</Filter>
    </ClCompile>
    <ClCompile Include="stuffextract\StormLib\SListFile.cpp">
      <Filter>StormLib</Filter>
    </ClCompile>
    <ClCompile Include="stuffextract\StormLib\wave\wave.cpp">
      <Filter>StormLib\wave</Filter>
    </ClCompile>
    <ClCompile Include="stuffextract\StormLib\bzip2\blocksort.c">
      <Filter>StormLib\bzip2</Filter>
    </ClCompile>
    <ClCompile Include="stuffextract\StormLib\bzip2\bzlib.c">
      <Filter>StormLib\bzip2</Filter>
    </ClCompile>
    <ClCompile Include="stuffextract\StormLib\bzip2\compress.c">
      <Filter>StormLib\bzip2</Filter>
    </ClCompile>
    <ClCompile Include="stuffextract\StormLib\bzip2\crctable.c">
      <Filter>StormLib\bzip2</Filter>
    </ClCompile>
    <ClCompile Include="stuffextract\StormLib\bzip2\decompress.c">
      <Filter>StormLib\bzip2</Filter>
    </ClCompile>
    <ClCompile Include="stuffextract\StormLib\bzip2\huffman.c">
      <Filter>StormLib\bzip2</Filter>
    </ClCompile>
    <ClCompile Include="stuffextract\StormLib\bzip2\randtable.c">
      <Filter>StormLib\bzip2</Filter>
    </ClCompile>
    <ClCompile Include="stuffextract\StormLib\pklib\crc32_pk.c">
      <Filter>StormLib\pklib</Filter>
    </ClCompile>
    <ClCompile Include="stuffextract\StormLib\pklib\explode.c">
      <Filter>StormLib\pklib</Filter>
    </ClCompile>
    <ClCompile Include="stuffextract\StormLib\pklib\implode.c">
      <Filter>StormLib\pklib</Filter>
    </ClCompile>
    <ClCompile Include="stuffextract\StormLib\huffman\huff.cpp">
      <Filter>StormLib\huffman</Filter>
    </ClCompile>
  </ItemGroup>
</Project>