<?xml version="1.0" encoding="utf-8"?>
<Project ToolsVersion="4.0" xmlns="http://schemas.microsoft.com/developer/msbuild/2003">
  <ItemGroup>
    <Filter Include="Source Files">
      <UniqueIdentifier>{af1d9bf7-8efe-4e42-9762-8f0ac3036d37}</UniqueIdentifier>
      <Extensions>cpp;c;cxx;def;r;odl;idl;hpj;bat</Extensions>
    </Filter>
    <Filter Include="Source Files\DefScript">
      <UniqueIdentifier>{9771b785-c9bf-478a-b760-4ff32f36f336}</UniqueIdentifier>
    </Filter>
    <Filter Include="Source Files\World">
      <UniqueIdentifier>{c56cd67c-0165-4f4e-963b-189f0dcc0e31}</UniqueIdentifier>
    </Filter>
    <Filter Include="Source Files\Realm">
      <UniqueIdentifier>{6cf94dca-1c4a-49c9-bbd4-70f80753f133}</UniqueIdentifier>
    </Filter>
    <Filter Include="Source Files\GUI">
      <UniqueIdentifier>{5b5882f2-8108-48f3-93e9-c652d7ffb70f}</UniqueIdentifier>
    </Filter>
    <Filter Include="Source Files\GUI\sdl">
      <UniqueIdentifier>{45cf9b74-83d3-44de-9df1-9eb6c8d0c5a5}</UniqueIdentifier>
    </Filter>
  </ItemGroup>
  <ItemGroup>
    <ClCompile Include="Client\Realm\RealmSession.cpp">
      <Filter>Source Files\Realm</Filter>
    </ClCompile>
    <ClCompile Include="Client\Realm\RealmSocket.cpp">
      <Filter>Source Files\Realm</Filter>
    </ClCompile>
    <ClCompile Include="Client\DefScript\DefScript.cpp">
      <Filter>Source Files\DefScript</Filter>
    </ClCompile>
    <ClCompile Include="Client\DefScript\DefScriptBBFunctions.cpp">
      <Filter>Source Files\DefScript</Filter>
    </ClCompile>
    <ClCompile Include="Client\DefScript\DefScriptFileFunctions.cpp">
      <Filter>Source Files\DefScript</Filter>
    </ClCompile>
    <ClCompile Include="Client\DefScript\DefScriptFunctions.cpp">
      <Filter>Source Files\DefScript</Filter>
    </ClCompile>
    <ClCompile Include="Client\DefScript\DefScriptListFunctions.cpp">
      <Filter>Source Files\DefScript</Filter>
    </ClCompile>
    <ClCompile Include="Client\DefScript\DefScriptTools.cpp">
      <Filter>Source Files\DefScript</Filter>
    </ClCompile>
    <ClCompile Include="Client\DefScript\DynamicEvent.cpp">
      <Filter>Source Files\DefScript</Filter>
    </ClCompile>
    <ClCompile Include="Client\DefScript\VarSet.cpp">
      <Filter>Source Files\DefScript</Filter>
    </ClCompile>
    <ClCompile Include="Client\GUI\PseuGUI.cpp">
      <Filter>Source Files\GUI</Filter>
    </ClCompile>
    <ClCompile Include="Client\GUI\Scene.cpp">
      <Filter>Source Files\GUI</Filter>
    </ClCompile>
    <ClCompile Include="Client\GUI\SceneCharselection.cpp">
      <Filter>Source Files\GUI</Filter>
    </ClCompile>
    <ClCompile Include="Client\GUI\SceneGuiStart.cpp">
      <Filter>Source Files\GUI</Filter>
    </ClCompile>
    <ClCompile Include="Client\GUI\SceneLoading.cpp">
      <Filter>Source Files\GUI</Filter>
    </ClCompile>
    <ClCompile Include="Client\GUI\SceneLogin.cpp">
      <Filter>Source Files\GUI</Filter>
    </ClCompile>
    <ClCompile Include="Client\GUI\SceneWorld.cpp">
      <Filter>Source Files\GUI</Filter>
    </ClCompile>
    <ClCompile Include="Client\GUI\sdl\sdl.cpp">
      <Filter>Source Files\GUI\sdl</Filter>
    </ClCompile>
    <ClCompile Include="Client\GUI\sdl\textedition.cpp">
      <Filter>Source Files\GUI\sdl</Filter>
    </ClCompile>
    <ClCompile Include="Client\GUI\sdl\ttf_secure.cpp">
      <Filter>Source Files\GUI\sdl</Filter>
    </ClCompile>
    <ClCompile Include="Client\GUI\SceneRealselection.cpp">
      <Filter>Source Files\GUI</Filter>
    </ClCompile>
    <ClCompile Include="Client\World\Bag.cpp">
      <Filter>Source Files\World</Filter>
    </ClCompile>
    <ClCompile Include="Client\World\CacheHandler.cpp">
      <Filter>Source Files\World</Filter>
    </ClCompile>
    <ClCompile Include="Client\World\Channel.cpp">
      <Filter>Source Files\World</Filter>
    </ClCompile>
    <ClCompile Include="Client\World\CMSGConstructor.cpp">
      <Filter>Source Files\World</Filter>
    </ClCompile>
    <ClCompile Include="Client\World\Corpse.cpp">
      <Filter>Source Files\World</Filter>
    </ClCompile>
    <ClCompile Include="Client\World\DynamicObject.cpp">
      <Filter>Source Files\World</Filter>
    </ClCompile>
    <ClCompile Include="Client\World\GameObject.cpp">
      <Filter>Source Files\World</Filter>
    </ClCompile>
    <ClCompile Include="Client\World\Item.cpp">
      <Filter>Source Files\World</Filter>
    </ClCompile>
    <ClCompile Include="Client\World\MapMgr.cpp">
      <Filter>Source Files\World</Filter>
    </ClCompile>
    <ClCompile Include="Client\World\MovementMgr.cpp">
      <Filter>Source Files\World</Filter>
    </ClCompile>
    <ClCompile Include="Client\World\Object.cpp">
      <Filter>Source Files\World</Filter>
    </ClCompile>
    <ClCompile Include="Client\World\ObjMgr.cpp">
      <Filter>Source Files\World</Filter>
    </ClCompile>
    <ClCompile Include="Client\World\Opcodes.cpp">
      <Filter>Source Files\World</Filter>
    </ClCompile>
    <ClCompile Include="Client\World\Player.cpp">
      <Filter>Source Files\World</Filter>
    </ClCompile>
    <ClCompile Include="Client\World\Unit.cpp">
      <Filter>Source Files\World</Filter>
    </ClCompile>
    <ClCompile Include="Client\World\UpdateData.cpp">
      <Filter>Source Files\World</Filter>
    </ClCompile>
    <ClCompile Include="Client\World\World.cpp">
      <Filter>Source Files\World</Filter>
    </ClCompile>
    <ClCompile Include="Client\World\WorldPacket.cpp">
      <Filter>Source Files\World</Filter>
    </ClCompile>
    <ClCompile Include="Client\World\WorldSession.cpp">
      <Filter>Source Files\World</Filter>
    </ClCompile>
    <ClCompile Include="Client\World\WorldSocket.cpp">
      <Filter>Source Files\World</Filter>
    </ClCompile>
    <ClCompile Include="Client\Cli.cpp">
      <Filter>Source Files</Filter>
    </ClCompile>
    <ClCompile Include="Client\ControlSocket.cpp">
      <Filter>Source Files</Filter>
    </ClCompile>
    <ClCompile Include="Client\DefScriptInterface.cpp">
      <Filter>Source Files</Filter>
    </ClCompile>
    <ClCompile Include="Client\fonction.cpp">
      <Filter>Source Files</Filter>
    </ClCompile>
    <ClCompile Include="Client\main.cpp">
      <Filter>Source Files</Filter>
    </ClCompile>
    <ClCompile Include="Client\MemoryDataHolder.cpp">
      <Filter>Source Files</Filter>
    </ClCompile>
    <ClCompile Include="Client\PseuWoW.cpp">
      <Filter>Source Files</Filter>
    </ClCompile>
    <ClCompile Include="Client\RemoteController.cpp">
      <Filter>Source Files</Filter>
    </ClCompile>
    <ClCompile Include="Client\SCPDatabase.cpp">
      <Filter>Source Files</Filter>
    </ClCompile>
  </ItemGroup>
  <ItemGroup>
    <ClInclude Include="Client\Realm\RealmSession.h">
      <Filter>Source Files\Realm</Filter>
    </ClInclude>
    <ClInclude Include="Client\Realm\RealmSocket.h">
      <Filter>Source Files\Realm</Filter>
    </ClInclude>
    <ClInclude Include="Client\DefScript\DefScript.h">
      <Filter>Source Files\DefScript</Filter>
    </ClInclude>
    <ClInclude Include="Client\DefScript\DefScriptDefines.h">
      <Filter>Source Files\DefScript</Filter>
    </ClInclude>
    <ClInclude Include="Client\DefScript\DefScriptTools.h">
      <Filter>Source Files\DefScript</Filter>
    </ClInclude>
    <ClInclude Include="Client\DefScript\DynamicEvent.h">
      <Filter>Source Files\DefScript</Filter>
    </ClInclude>
    <ClInclude Include="Client\DefScript\TypeStorage.h">
      <Filter>Source Files\DefScript</Filter>
    </ClInclude>
    <ClInclude Include="Client\DefScript\VarSet.h">
      <Filter>Source Files\DefScript</Filter>
    </ClInclude>
    <ClInclude Include="Client\GUI\PseuGUI.h">
      <Filter>Source Files\GUI</Filter>
    </ClInclude>
    <ClInclude Include="Client\GUI\Scene.h">
      <Filter>Source Files\GUI</Filter>
    </ClInclude>
    <ClInclude Include="Client\GUI\SceneData.h">
      <Filter>Source Files\GUI</Filter>
    </ClInclude>
    <ClInclude Include="Client\GUI\sdl\sdl.h">
      <Filter>Source Files\GUI\sdl</Filter>
    </ClInclude>
    <ClInclude Include="Client\GUI\sdl\textedition.h">
      <Filter>Source Files\GUI\sdl</Filter>
    </ClInclude>
    <ClInclude Include="Client\GUI\sdl\ttf_secure.h">
      <Filter>Source Files\GUI\sdl</Filter>
    </ClInclude>
    <ClInclude Include="Client\GUI\GUIEventReceiver.h">
      <Filter>Source Files\GUI</Filter>
    </ClInclude>
    <ClInclude Include="Client\World\Bag.h">
      <Filter>Source Files\World</Filter>
    </ClInclude>
    <ClInclude Include="Client\World\CacheHandler.h">
      <Filter>Source Files\World</Filter>
    </ClInclude>
    <ClInclude Include="Client\World\Channel.h">
      <Filter>Source Files\World</Filter>
    </ClInclude>
    <ClInclude Include="Client\World\Corpse.h">
      <Filter>Source Files\World</Filter>
    </ClInclude>
    <ClInclude Include="Client\World\DynamicObject.h">
      <Filter>Source Files\World</Filter>
    </ClInclude>
    <ClInclude Include="Client\World\GameObject.h">
      <Filter>Source Files\World</Filter>
    </ClInclude>
    <ClInclude Include="Client\World\Item.h">
      <Filter>Source Files\World</Filter>
    </ClInclude>
    <ClInclude Include="Client\World\MapMgr.h">
      <Filter>Source Files\World</Filter>
    </ClInclude>
    <ClInclude Include="Client\World\MovementMgr.h">
      <Filter>Source Files\World</Filter>
    </ClInclude>
    <ClInclude Include="Client\World\Object.h">
      <Filter>Source Files\World</Filter>
    </ClInclude>
    <ClInclude Include="Client\World\ObjectDefines.h">
      <Filter>Source Files\World</Filter>
    </ClInclude>
    <ClInclude Include="Client\World\ObjMgr.h">
      <Filter>Source Files\World</Filter>
    </ClInclude>
    <ClInclude Include="Client\World\Opcodes.h">
      <Filter>Source Files\World</Filter>
    </ClInclude>
    <ClInclude Include="Client\World\Player.h">
      <Filter>Source Files\World</Filter>
    </ClInclude>
    <ClInclude Include="Client\World\SharedDefines.h">
      <Filter>Source Files\World</Filter>
    </ClInclude>
    <ClInclude Include="Client\World\Unit.h">
      <Filter>Source Files\World</Filter>
    </ClInclude>
    <ClInclude Include="Client\World\UpdateData.h">
      <Filter>Source Files\World</Filter>
    </ClInclude>
    <ClInclude Include="Client\World\UpdateFields.h">
      <Filter>Source Files\World</Filter>
    </ClInclude>
    <ClInclude Include="Client\World\UpdateMask.h">
      <Filter>Source Files\World</Filter>
    </ClInclude>
    <ClInclude Include="Client\World\World.h">
      <Filter>Source Files\World</Filter>
    </ClInclude>
    <ClInclude Include="Client\World\WorldPacket.h">
      <Filter>Source Files\World</Filter>
    </ClInclude>
    <ClInclude Include="Client\World\WorldSession.h">
      <Filter>Source Files\World</Filter>
    </ClInclude>
    <ClInclude Include="Client\World\WorldSocket.h">
      <Filter>Source Files\World</Filter>
    </ClInclude>
    <ClInclude Include="Client\Cli.h">
      <Filter>Source Files</Filter>
    </ClInclude>
    <ClInclude Include="Client\ControlSocket.h">
      <Filter>Source Files</Filter>
    </ClInclude>
    <ClInclude Include="Client\DefScriptInterface.h">
      <Filter>Source Files</Filter>
    </ClInclude>
    <ClInclude Include="Client\DefScriptInterfaceInclude.h">
      <Filter>Source Files</Filter>
    </ClInclude>
    <ClInclude Include="Client\fonction.h">
      <Filter>Source Files</Filter>
    </ClInclude>
    <ClInclude Include="Client\HelperDefs.h">
      <Filter>Source Files</Filter>
    </ClInclude>
    <ClInclude Include="Client\main.h">
      <Filter>Source Files</Filter>
    </ClInclude>
    <ClInclude Include="Client\MemoryDataHolder.h">
      <Filter>Source Files</Filter>
    </ClInclude>
    <ClInclude Include="Client\PseuWoW.h">
      <Filter>Source Files</Filter>
    </ClInclude>
    <ClInclude Include="Client\RemoteController.h">
      <Filter>Source Files</Filter>
    </ClInclude>
    <ClInclude Include="Client\SCPDatabase.h">
      <Filter>Source Files</Filter>
    </ClInclude>
  </ItemGroup>
</Project>