<?xml version="1.0" encoding="utf-8"?>
<Project ToolsVersion="4.0" xmlns="http://schemas.microsoft.com/developer/msbuild/2003">
  <ItemGroup>
    <Filter Include="Source Files">
      <UniqueIdentifier>{c60f31d3-fe8e-4bf9-9cf5-7970046aaca5}</UniqueIdentifier>
      <Extensions>cpp;c;cxx;rc;def;r;odl;idl;hpj;bat</Extensions>
    </Filter>
    <Filter Include="Source Files\World">
      <UniqueIdentifier>{680eb6c8-18d8-4c8c-95d0-8bed1b155121}</UniqueIdentifier>
    </Filter>
    <Filter Include="Source Files\Realm">
      <UniqueIdentifier>{02d5487d-42e5-404e-9343-7ef287c13b7d}</UniqueIdentifier>
    </Filter>
    <Filter Include="Source Files\main">
      <UniqueIdentifier>{d20b27b7-97e4-4c20-a720-00c86759005a}</UniqueIdentifier>
    </Filter>
    <Filter Include="Source Files\AUTH">
      <UniqueIdentifier>{3e31d2e6-cefc-4303-b35f-a2ff82d45085}</UniqueIdentifier>
    </Filter>
    <Filter Include="Source Files\DefScript">
      <UniqueIdentifier>{70f065be-3095-4ed6-b52c-86b87b56f0c5}</UniqueIdentifier>
    </Filter>
  </ItemGroup>
  <ItemGroup>
    <ClCompile Include="Client\World\Bag.cpp">
      <Filter>Source Files\World</Filter>
    </ClCompile>
    <ClCompile Include="Client\World\CacheHandler.cpp">
      <Filter>Source Files\World</Filter>
    </ClCompile>
    <ClCompile Include="Client\World\Channel.cpp">
      <Filter>Source Files\World</Filter>
    </ClCompile>
    <ClCompile Include="Client\World\CMSGConstructor.cpp">
      <Filter>Source Files\World</Filter>
    </ClCompile>
    <ClCompile Include="Client\World\Corpse.cpp">
      <Filter>Source Files\World</Filter>
    </ClCompile>
    <ClCompile Include="Client\World\DynamicObject.cpp">
      <Filter>Source Files\World</Filter>
    </ClCompile>
    <ClCompile Include="Client\World\GameObject.cpp">
      <Filter>Source Files\World</Filter>
    </ClCompile>
    <ClCompile Include="Client\World\Item.cpp">
      <Filter>Source Files\World</Filter>
    </ClCompile>
    <ClCompile Include="Client\World\Object.cpp">
      <Filter>Source Files\World</Filter>
    </ClCompile>
    <ClCompile Include="Client\World\ObjMgr.cpp">
      <Filter>Source Files\World</Filter>
    </ClCompile>
    <ClCompile Include="Client\World\Opcodes.cpp">
      <Filter>Source Files\World</Filter>
    </ClCompile>
    <ClCompile Include="Client\World\Player.cpp">
      <Filter>Source Files\World</Filter>
    </ClCompile>
    <ClCompile Include="Client\World\Unit.cpp">
      <Filter>Source Files\World</Filter>
    </ClCompile>
    <ClCompile Include="Client\World\UpdateData.cpp">
      <Filter>Source Files\World</Filter>
    </ClCompile>
    <ClCompile Include="Client\World\WorldPacket.cpp">
      <Filter>Source Files\World</Filter>
    </ClCompile>
    <ClCompile Include="Client\World\WorldSession.cpp">
      <Filter>Source Files\World</Filter>
    </ClCompile>
    <ClCompile Include="Client\World\WorldSocket.cpp">
      <Filter>Source Files\World</Filter>
    </ClCompile>
    <ClCompile Include="Client\Realm\RealmSocket.cpp">
      <Filter>Source Files\Realm</Filter>
    </ClCompile>
    <ClCompile Include="Client\Realm\RealmSession.cpp">
      <Filter>Source Files\Realm</Filter>
    </ClCompile>
    <ClCompile Include="Client\World\MovementMgr.cpp">
      <Filter>Source Files\World</Filter>
    </ClCompile>
    <ClCompile Include="Client\World\UpdateFields.cpp">
      <Filter>Source Files\World</Filter>
    </ClCompile>
    <ClCompile Include="Client\World\World.cpp">
      <Filter>Source Files\World</Filter>
    </ClCompile>
    <ClCompile Include="Client\Cli.cpp">
      <Filter>Source Files\main</Filter>
    </ClCompile>
    <ClCompile Include="Client\ControlSocket.cpp">
      <Filter>Source Files\main</Filter>
    </ClCompile>
    <ClCompile Include="Client\main.cpp">
      <Filter>Source Files\main</Filter>
    </ClCompile>
    <ClCompile Include="Client\PseuGUI.cpp">
      <Filter>Source Files\main</Filter>
    </ClCompile>
    <ClCompile Include="Client\PseuWoW.cpp">
      <Filter>Source Files\main</Filter>
    </ClCompile>
    <ClCompile Include="Client\RemoteController.cpp">
      <Filter>Source Files\main</Filter>
    </ClCompile>
    <ClCompile Include="Client\SCPDatabase.cpp">
      <Filter>Source Files\main</Filter>
    </ClCompile>
    <ClCompile Include="shared\Auth\AuthCrypt.cpp">
      <Filter>Source Files\AUTH</Filter>
    </ClCompile>
    <ClCompile Include="shared\Auth\BigNumber.cpp">
      <Filter>Source Files\AUTH</Filter>
    </ClCompile>
    <ClCompile Include="shared\Auth\Hmac.cpp">
      <Filter>Source Files\AUTH</Filter>
    </ClCompile>
    <ClCompile Include="shared\Auth\md5.c">
      <Filter>Source Files\AUTH</Filter>
    </ClCompile>
    <ClCompile Include="shared\Auth\SARC4.cpp">
      <Filter>Source Files\AUTH</Filter>
    </ClCompile>
    <ClCompile Include="shared\Auth\Sha1.cpp">
      <Filter>Source Files\AUTH</Filter>
    </ClCompile>
    <ClCompile Include="Client\DefScript\DefScript.cpp">
      <Filter>Source Files\DefScript</Filter>
    </ClCompile>
    <ClCompile Include="Client\DefScript\DefScriptBBFunctions.cpp">
      <Filter>Source Files\DefScript</Filter>
    </ClCompile>
    <ClCompile Include="Client\DefScript\DefScriptFileFunctions.cpp">
      <Filter>Source Files\DefScript</Filter>
    </ClCompile>
    <ClCompile Include="Client\DefScript\DefScriptFunctions.cpp">
      <Filter>Source Files\DefScript</Filter>
    </ClCompile>
    <ClCompile Include="Client\DefScript\DefScriptListFunctions.cpp">
      <Filter>Source Files\DefScript</Filter>
    </ClCompile>
    <ClCompile Include="Client\DefScript\DefScriptTools.cpp">
      <Filter>Source Files\DefScript</Filter>
    </ClCompile>
    <ClCompile Include="Client\DefScript\DynamicEvent.cpp">
      <Filter>Source Files\DefScript</Filter>
    </ClCompile>
    <ClCompile Include="Client\DefScript\VarSet.cpp">
      <Filter>Source Files\DefScript</Filter>
    </ClCompile>
  </ItemGroup>
  <ItemGroup>
    <ClInclude Include="Client\World\Bag.h">
      <Filter>Source Files\World</Filter>
    </ClInclude>
    <ClInclude Include="Client\World\CacheHandler.h">
      <Filter>Source Files\World</Filter>
    </ClInclude>
    <ClInclude Include="Client\World\Channel.h">
      <Filter>Source Files\World</Filter>
    </ClInclude>
    <ClInclude Include="Client\World\Corpse.h">
      <Filter>Source Files\World</Filter>
    </ClInclude>
    <ClInclude Include="Client\World\DynamicObject.h">
      <Filter>Source Files\World</Filter>
    </ClInclude>
    <ClInclude Include="Client\World\GameObject.h">
      <Filter>Source Files\World</Filter>
    </ClInclude>
    <ClInclude Include="Client\World\Item.h">
      <Filter>Source Files\World</Filter>
    </ClInclude>
    <ClInclude Include="Client\World\Object.h">
      <Filter>Source Files\World</Filter>
    </ClInclude>
    <ClInclude Include="Client\World\ObjectDefines.h">
      <Filter>Source Files\World</Filter>
    </ClInclude>
    <ClInclude Include="Client\World\ObjMgr.h">
      <Filter>Source Files\World</Filter>
    </ClInclude>
    <ClInclude Include="Client\World\Opcodes.h">
      <Filter>Source Files\World</Filter>
    </ClInclude>
    <ClInclude Include="Client\World\Player.h">
      <Filter>Source Files\World</Filter>
    </ClInclude>
    <ClInclude Include="Client\World\SharedDefines.h">
      <Filter>Source Files\World</Filter>
    </ClInclude>
    <ClInclude Include="Client\World\Unit.h">
      <Filter>Source Files\World</Filter>
    </ClInclude>
    <ClInclude Include="Client\World\UpdateData.h">
      <Filter>Source Files\World</Filter>
    </ClInclude>
    <ClInclude Include="Client\World\UpdateFields.h">
      <Filter>Source Files\World</Filter>
    </ClInclude>
    <ClInclude Include="Client\World\UpdateMask.h">
      <Filter>Source Files\World</Filter>
    </ClInclude>
    <ClInclude Include="Client\World\WorldPacket.h">
      <Filter>Source Files\World</Filter>
    </ClInclude>
    <ClInclude Include="Client\World\WorldSession.h">
      <Filter>Source Files\World</Filter>
    </ClInclude>
    <ClInclude Include="Client\World\WorldSocket.h">
      <Filter>Source Files\World</Filter>
    </ClInclude>
    <ClInclude Include="Client\Realm\RealmSocket.h">
      <Filter>Source Files\Realm</Filter>
    </ClInclude>
    <ClInclude Include="Client\Realm\RealmSession.h">
      <Filter>Source Files\Realm</Filter>
    </ClInclude>
    <ClInclude Include="Client\World\MovementInfo.h">
      <Filter>Source Files\World</Filter>
    </ClInclude>
    <ClInclude Include="Client\World\MovementMgr.h">
      <Filter>Source Files\World</Filter>
    </ClInclude>
    <ClInclude Include="Client\World\World.h">
      <Filter>Source Files\World</Filter>
    </ClInclude>
    <ClInclude Include="Client\Cli.h">
      <Filter>Source Files\main</Filter>
    </ClInclude>
    <ClInclude Include="Client\ControlSocket.h">
      <Filter>Source Files\main</Filter>
    </ClInclude>
    <ClInclude Include="Client\HelperDefs.h">
      <Filter>Source Files\main</Filter>
    </ClInclude>
    <ClInclude Include="Client\main.h">
      <Filter>Source Files\main</Filter>
    </ClInclude>
    <ClInclude Include="Client\PseuGUI.h">
      <Filter>Source Files\main</Filter>
    </ClInclude>
    <ClInclude Include="Client\PseuWoW.h">
      <Filter>Source Files\main</Filter>
    </ClInclude>
    <ClInclude Include="Client\RemoteController.h">
      <Filter>Source Files\main</Filter>
    </ClInclude>
    <ClInclude Include="Client\resource.h">
      <Filter>Source Files\main</Filter>
    </ClInclude>
    <ClInclude Include="Client\SCPDatabase.h">
      <Filter>Source Files\main</Filter>
    </ClInclude>
    <ClInclude Include="shared\Auth\AuthCrypt.h">
      <Filter>Source Files\AUTH</Filter>
    </ClInclude>
    <ClInclude Include="shared\Auth\BigNumber.h">
      <Filter>Source Files\AUTH</Filter>
    </ClInclude>
    <ClInclude Include="shared\Auth\Hmac.h">
      <Filter>Source Files\AUTH</Filter>
    </ClInclude>
    <ClInclude Include="shared\Auth\md5.h">
      <Filter>Source Files\AUTH</Filter>
    </ClInclude>
    <ClInclude Include="shared\Auth\MD5Hash.h">
      <Filter>Source Files\AUTH</Filter>
    </ClInclude>
    <ClInclude Include="shared\Auth\SARC4.h">
      <Filter>Source Files\AUTH</Filter>
    </ClInclude>
    <ClInclude Include="shared\Auth\Sha1.h">
      <Filter>Source Files\AUTH</Filter>
    </ClInclude>
    <ClInclude Include="Client\DefScript\DefScript.h">
      <Filter>Source Files\DefScript</Filter>
    </ClInclude>
    <ClInclude Include="Client\DefScript\DefScriptDefines.h">
      <Filter>Source Files\DefScript</Filter>
    </ClInclude>
    <ClInclude Include="Client\DefScript\DefScriptTools.h">
      <Filter>Source Files\DefScript</Filter>
    </ClInclude>
    <ClInclude Include="Client\DefScript\DynamicEvent.h">
      <Filter>Source Files\DefScript</Filter>
    </ClInclude>
    <ClInclude Include="Client\DefScript\TypeStorage.h">
      <Filter>Source Files\DefScript</Filter>
    </ClInclude>
    <ClInclude Include="Client\DefScript\VarSet.h">
      <Filter>Source Files\DefScript</Filter>
    </ClInclude>
  </ItemGroup>
  <ItemGroup>
    <None Include="Client\DefScript\Makefile.am">
      <Filter>Source Files\DefScript</Filter>
    </None>
  </ItemGroup>
</Project>